
Microsoft Visual Studio Solution File, Format Version 12.00
# Visual Studio Version 16
VisualStudioVersion = 16.0.30907.101
MinimumVisualStudioVersion = 10.0.40219.1
Project("{8BC9CEB8-8B4A-11D0-8D11-00A0C91BC942}") = "Desafio", "Desafio.vcxproj", "{FB07EC2F-BD50-40CD-93E3-1858537D2856}"
EndProject
Global
	GlobalSection(SolutionConfigurationPlatforms) = preSolution
		Debug|x64 = Debug|x64
		Debug|x86 = Debug|x86
		Release|x64 = Release|x64
		Release|x86 = Release|x86
	EndGlobalSection
	GlobalSection(ProjectConfigurationPlatforms) = postSolution
		{FB07EC2F-BD50-40CD-93E3-1858537D2856}.Debug|x64.ActiveCfg = Debug|x64
		{FB07EC2F-BD50-40CD-93E3-1858537D2856}.Debug|x64.Build.0 = Debug|x64
		{FB07EC2F-BD50-40CD-93E3-1858537D2856}.Debug|x86.ActiveCfg = Debug|Win32
		{FB07EC2F-BD50-40CD-93E3-1858537D2856}.Debug|x86.Build.0 = Debug|Win32
		{FB07EC2F-BD50-40CD-93E3-1858537D2856}.Release|x64.ActiveCfg = Release|x64
		{FB07EC2F-BD50-40CD-93E3-1858537D2856}.Release|x64.Build.0 = Release|x64
		{FB07EC2F-BD50-40CD-93E3-1858537D2856}.Release|x86.ActiveCfg = Release|Win32
		{FB07EC2F-BD50-40CD-93E3-1858537D2856}.Release|x86.Build.0 = Release|Win32
	EndGlobalSection
	GlobalSection(SolutionProperties) = preSolution
		HideSolutionNode = FALSE
	EndGlobalSection
	GlobalSection(ExtensibilityGlobals) = postSolution
		SolutionGuid = {1048E65B-43A2-4820-8BFB-96DC05EC3405}
	EndGlobalSection
EndGlobal
